// !$*UTF8*$!
{
	archiveVersion = 1;
	classes = {
	};
	objectVersion = 46;
	objects = {

/* Begin PBXBuildFile section */
		07CDFBF31D89897A00B6AF44 /* AppDelegate.swift in Sources */ = {isa = PBXBuildFile; fileRef = 07CDFBF21D89897A00B6AF44 /* AppDelegate.swift */; };
		07CDFBF51D89897A00B6AF44 /* ViewController.swift in Sources */ = {isa = PBXBuildFile; fileRef = 07CDFBF41D89897A00B6AF44 /* ViewController.swift */; };
		07CDFBF81D89897A00B6AF44 /* Main.storyboard in Resources */ = {isa = PBXBuildFile; fileRef = 07CDFBF61D89897A00B6AF44 /* Main.storyboard */; };
		07CDFBFA1D89897A00B6AF44 /* Assets.xcassets in Resources */ = {isa = PBXBuildFile; fileRef = 07CDFBF91D89897A00B6AF44 /* Assets.xcassets */; };
		07CDFBFD1D89897A00B6AF44 /* LaunchScreen.storyboard in Resources */ = {isa = PBXBuildFile; fileRef = 07CDFBFB1D89897A00B6AF44 /* LaunchScreen.storyboard */; };
		07CDFC081D89897A00B6AF44 /* TacoPOPTests.swift in Sources */ = {isa = PBXBuildFile; fileRef = 07CDFC071D89897A00B6AF44 /* TacoPOPTests.swift */; };
/* End PBXBuildFile section */

/* Begin PBXContainerItemProxy section */
		07CDFC041D89897A00B6AF44 /* PBXContainerItemProxy */ = {
			isa = PBXContainerItemProxy;
			containerPortal = 07CDFBE71D89897A00B6AF44 /* Project object */;
			proxyType = 1;
			remoteGlobalIDString = 07CDFBEE1D89897A00B6AF44;
			remoteInfo = TacoPOP;
		};
/* End PBXContainerItemProxy section */

/* Begin PBXFileReference section */
		07CDFBEF1D89897A00B6AF44 /* TacoPOP.app */ = {isa = PBXFileReference; explicitFileType = wrapper.application; includeInIndex = 0; path = TacoPOP.app; sourceTree = BUILT_PRODUCTS_DIR; };
		07CDFBF21D89897A00B6AF44 /* AppDelegate.swift */ = {isa = PBXFileReference; lastKnownFileType = sourcecode.swift; path = AppDelegate.swift; sourceTree = "<group>"; };
		07CDFBF41D89897A00B6AF44 /* ViewController.swift */ = {isa = PBXFileReference; lastKnownFileType = sourcecode.swift; path = ViewController.swift; sourceTree = "<group>"; };
		07CDFBF71D89897A00B6AF44 /* Base */ = {isa = PBXFileReference; lastKnownFileType = file.storyboard; name = Base; path = Base.lproj/Main.storyboard; sourceTree = "<group>"; };
		07CDFBF91D89897A00B6AF44 /* Assets.xcassets */ = {isa = PBXFileReference; lastKnownFileType = folder.assetcatalog; path = Assets.xcassets; sourceTree = "<group>"; };
		07CDFBFC1D89897A00B6AF44 /* Base */ = {isa = PBXFileReference; lastKnownFileType = file.storyboard; name = Base; path = Base.lproj/LaunchScreen.storyboard; sourceTree = "<group>"; };
		07CDFBFE1D89897A00B6AF44 /* Info.plist */ = {isa = PBXFileReference; lastKnownFileType = text.plist.xml; path = Info.plist; sourceTree = "<group>"; };
		07CDFC031D89897A00B6AF44 /* TacoPOPTests.xctest */ = {isa = PBXFileReference; explicitFileType = wrapper.cfbundle; includeInIndex = 0; path = TacoPOPTests.xctest; sourceTree = BUILT_PRODUCTS_DIR; };
		07CDFC071D89897A00B6AF44 /* TacoPOPTests.swift */ = {isa = PBXFileReference; lastKnownFileType = sourcecode.swift; path = TacoPOPTests.swift; sourceTree = "<group>"; };
		07CDFC091D89897A00B6AF44 /* Info.plist */ = {isa = PBXFileReference; lastKnownFileType = text.plist.xml; path = Info.plist; sourceTree = "<group>"; };
/* End PBXFileReference section */

/* Begin PBXFrameworksBuildPhase section */
		07CDFBEC1D89897A00B6AF44 /* Frameworks */ = {
			isa = PBXFrameworksBuildPhase;
			buildActionMask = 2147483647;
			files = (
			);
			runOnlyForDeploymentPostprocessing = 0;
		};
		07CDFC001D89897A00B6AF44 /* Frameworks */ = {
			isa = PBXFrameworksBuildPhase;
			buildActionMask = 2147483647;
			files = (
			);
			runOnlyForDeploymentPostprocessing = 0;
		};
/* End PBXFrameworksBuildPhase section */

/* Begin PBXGroup section */
		07CDFBE61D89897A00B6AF44 = {
			isa = PBXGroup;
			children = (
				07CDFBF11D89897A00B6AF44 /* TacoPOP */,
				07CDFC061D89897A00B6AF44 /* TacoPOPTests */,
				07CDFBF01D89897A00B6AF44 /* Products */,
			);
			sourceTree = "<group>";
		};
		07CDFBF01D89897A00B6AF44 /* Products */ = {
			isa = PBXGroup;
			children = (
				07CDFBEF1D89897A00B6AF44 /* TacoPOP.app */,
				07CDFC031D89897A00B6AF44 /* TacoPOPTests.xctest */,
			);
			name = Products;
			sourceTree = "<group>";
		};
		07CDFBF11D89897A00B6AF44 /* TacoPOP */ = {
			isa = PBXGroup;
			children = (
				07CDFBF21D89897A00B6AF44 /* AppDelegate.swift */,
				07CDFBF41D89897A00B6AF44 /* ViewController.swift */,
				07CDFBF61D89897A00B6AF44 /* Main.storyboard */,
				07CDFBF91D89897A00B6AF44 /* Assets.xcassets */,
				07CDFBFB1D89897A00B6AF44 /* LaunchScreen.storyboard */,
				07CDFBFE1D89897A00B6AF44 /* Info.plist */,
			);
			path = TacoPOP;
			sourceTree = "<group>";
		};
		07CDFC061D89897A00B6AF44 /* TacoPOPTests */ = {
			isa = PBXGroup;
			children = (
				07CDFC071D89897A00B6AF44 /* TacoPOPTests.swift */,
				07CDFC091D89897A00B6AF44 /* Info.plist */,
			);
			path = TacoPOPTests;
			sourceTree = "<group>";
		};
/* End PBXGroup section */

/* Begin PBXNativeTarget section */
		07CDFBEE1D89897A00B6AF44 /* TacoPOP */ = {
			isa = PBXNativeTarget;
			buildConfigurationList = 07CDFC0C1D89897A00B6AF44 /* Build configuration list for PBXNativeTarget "TacoPOP" */;
			buildPhases = (
				07CDFBEB1D89897A00B6AF44 /* Sources */,
				07CDFBEC1D89897A00B6AF44 /* Frameworks */,
				07CDFBED1D89897A00B6AF44 /* Resources */,
			);
			buildRules = (
			);
			dependencies = (
			);
			name = TacoPOP;
			productName = TacoPOP;
			productReference = 07CDFBEF1D89897A00B6AF44 /* TacoPOP.app */;
			productType = "com.apple.product-type.application";
		};
		07CDFC021D89897A00B6AF44 /* TacoPOPTests */ = {
			isa = PBXNativeTarget;
			buildConfigurationList = 07CDFC0F1D89897A00B6AF44 /* Build configuration list for PBXNativeTarget "TacoPOPTests" */;
			buildPhases = (
				07CDFBFF1D89897A00B6AF44 /* Sources */,
				07CDFC001D89897A00B6AF44 /* Frameworks */,
				07CDFC011D89897A00B6AF44 /* Resources */,
			);
			buildRules = (
			);
			dependencies = (
				07CDFC051D89897A00B6AF44 /* PBXTargetDependency */,
			);
			name = TacoPOPTests;
			productName = TacoPOPTests;
			productReference = 07CDFC031D89897A00B6AF44 /* TacoPOPTests.xctest */;
			productType = "com.apple.product-type.bundle.unit-test";
		};
/* End PBXNativeTarget section */

/* Begin PBXProject section */
		07CDFBE71D89897A00B6AF44 /* Project object */ = {
			isa = PBXProject;
			attributes = {
				LastSwiftUpdateCheck = 0800;
				LastUpgradeCheck = 0800;
				ORGANIZATIONNAME = "Uroš Đurđević";
				TargetAttributes = {
					07CDFBEE1D89897A00B6AF44 = {
						CreatedOnToolsVersion = 8.0;
						ProvisioningStyle = Automatic;
					};
					07CDFC021D89897A00B6AF44 = {
						CreatedOnToolsVersion = 8.0;
						ProvisioningStyle = Automatic;
						TestTargetID = 07CDFBEE1D89897A00B6AF44;
					};
				};
			};
			buildConfigurationList = 07CDFBEA1D89897A00B6AF44 /* Build configuration list for PBXProject "TacoPOP" */;
			compatibilityVersion = "Xcode 3.2";
			developmentRegion = English;
			hasScannedForEncodings = 0;
			knownRegions = (
				en,
				Base,
			);
			mainGroup = 07CDFBE61D89897A00B6AF44;
			productRefGroup = 07CDFBF01D89897A00B6AF44 /* Products */;
			projectDirPath = "";
			projectRoot = "";
			targets = (
				07CDFBEE1D89897A00B6AF44 /* TacoPOP */,
				07CDFC021D89897A00B6AF44 /* TacoPOPTests */,
			);
		};
/* End PBXProject section */

/* Begin PBXResourcesBuildPhase section */
		07CDFBED1D89897A00B6AF44 /* Resources */ = {
			isa = PBXResourcesBuildPhase;
			buildActionMask = 2147483647;
			files = (
				07CDFBFD1D89897A00B6AF44 /* LaunchScreen.storyboard in Resources */,
				07CDFBFA1D89897A00B6AF44 /* Assets.xcassets in Resources */,
				07CDFBF81D89897A00B6AF44 /* Main.storyboard in Resources */,
			);
			runOnlyForDeploymentPostprocessing = 0;
		};
		07CDFC011D89897A00B6AF44 /* Resources */ = {
			isa = PBXResourcesBuildPhase;
			buildActionMask = 2147483647;
			files = (
			);
			runOnlyForDeploymentPostprocessing = 0;
		};
/* End PBXResourcesBuildPhase section */

/* Begin PBXSourcesBuildPhase section */
		07CDFBEB1D89897A00B6AF44 /* Sources */ = {
			isa = PBXSourcesBuildPhase;
			buildActionMask = 2147483647;
			files = (
				07CDFBF51D89897A00B6AF44 /* ViewController.swift in Sources */,
				07CDFBF31D89897A00B6AF44 /* AppDelegate.swift in Sources */,
			);
			runOnlyForDeploymentPostprocessing = 0;
		};
		07CDFBFF1D89897A00B6AF44 /* Sources */ = {
			isa = PBXSourcesBuildPhase;
			buildActionMask = 2147483647;
			files = (
				07CDFC081D89897A00B6AF44 /* TacoPOPTests.swift in Sources */,
			);
			runOnlyForDeploymentPostprocessing = 0;
		};
/* End PBXSourcesBuildPhase section */

/* Begin PBXTargetDependency section */
		07CDFC051D89897A00B6AF44 /* PBXTargetDependency */ = {
			isa = PBXTargetDependency;
			target = 07CDFBEE1D89897A00B6AF44 /* TacoPOP */;
			targetProxy = 07CDFC041D89897A00B6AF44 /* PBXContainerItemProxy */;
		};
/* End PBXTargetDependency section */

/* Begin PBXVariantGroup section */
		07CDFBF61D89897A00B6AF44 /* Main.storyboard */ = {
			isa = PBXVariantGroup;
			children = (
				07CDFBF71D89897A00B6AF44 /* Base */,
			);
			name = Main.storyboard;
			sourceTree = "<group>";
		};
		07CDFBFB1D89897A00B6AF44 /* LaunchScreen.storyboard */ = {
			isa = PBXVariantGroup;
			children = (
				07CDFBFC1D89897A00B6AF44 /* Base */,
			);
			name = LaunchScreen.storyboard;
			sourceTree = "<group>";
		};
/* End PBXVariantGroup section */

/* Begin XCBuildConfiguration section */
		07CDFC0A1D89897A00B6AF44 /* Debug */ = {
			isa = XCBuildConfiguration;
			buildSettings = {
				ALWAYS_SEARCH_USER_PATHS = NO;
				CLANG_ANALYZER_NONNULL = YES;
				CLANG_CXX_LANGUAGE_STANDARD = "gnu++0x";
				CLANG_CXX_LIBRARY = "libc++";
				CLANG_ENABLE_MODULES = YES;
				CLANG_ENABLE_OBJC_ARC = YES;
				CLANG_WARN_BOOL_CONVERSION = YES;
				CLANG_WARN_CONSTANT_CONVERSION = YES;
				CLANG_WARN_DIRECT_OBJC_ISA_USAGE = YES_ERROR;
				CLANG_WARN_DOCUMENTATION_COMMENTS = YES;
				CLANG_WARN_EMPTY_BODY = YES;
				CLANG_WARN_ENUM_CONVERSION = YES;
				CLANG_WARN_INFINITE_RECURSION = YES;
				CLANG_WARN_INT_CONVERSION = YES;
				CLANG_WARN_OBJC_ROOT_CLASS = YES_ERROR;
				CLANG_WARN_SUSPICIOUS_MOVES = YES;
				CLANG_WARN_UNREACHABLE_CODE = YES;
				CLANG_WARN__DUPLICATE_METHOD_MATCH = YES;
				"CODE_SIGN_IDENTITY[sdk=iphoneos*]" = "iPhone Developer";
				COPY_PHASE_STRIP = NO;
				DEBUG_INFORMATION_FORMAT = dwarf;
				ENABLE_STRICT_OBJC_MSGSEND = YES;
				ENABLE_TESTABILITY = YES;
				GCC_C_LANGUAGE_STANDARD = gnu99;
				GCC_DYNAMIC_NO_PIC = NO;
				GCC_NO_COMMON_BLOCKS = YES;
				GCC_OPTIMIZATION_LEVEL = 0;
				GCC_PREPROCESSOR_DEFINITIONS = (
					"DEBUG=1",
					"$(inherited)",
				);
				GCC_WARN_64_TO_32_BIT_CONVERSION = YES;
				GCC_WARN_ABOUT_RETURN_TYPE = YES_ERROR;
				GCC_WARN_UNDECLARED_SELECTOR = YES;
				GCC_WARN_UNINITIALIZED_AUTOS = YES_AGGRESSIVE;
				GCC_WARN_UNUSED_FUNCTION = YES;
				GCC_WARN_UNUSED_VARIABLE = YES;
				IPHONEOS_DEPLOYMENT_TARGET = 10.0;
				MTL_ENABLE_DEBUG_INFO = YES;
				ONLY_ACTIVE_ARCH = YES;
				SDKROOT = iphoneos;
				SWIFT_ACTIVE_COMPILATION_CONDITIONS = DEBUG;
				SWIFT_OPTIMIZATION_LEVEL = "-Onone";
				TARGETED_DEVICE_FAMILY = "1,2";
			};
			name = Debug;
		};
		07CDFC0B1D89897A00B6AF44 /* Release */ = {
			isa = XCBuildConfiguration;
			buildSettings = {
				ALWAYS_SEARCH_USER_PATHS = NO;
				CLANG_ANALYZER_NONNULL = YES;
				CLANG_CXX_LANGUAGE_STANDARD = "gnu++0x";
				CLANG_CXX_LIBRARY = "libc++";
				CLANG_ENABLE_MODULES = YES;
				CLANG_ENABLE_OBJC_ARC = YES;
				CLANG_WARN_BOOL_CONVERSION = YES;
				CLANG_WARN_CONSTANT_CONVERSION = YES;
				CLANG_WARN_DIRECT_OBJC_ISA_USAGE = YES_ERROR;
				CLANG_WARN_DOCUMENTATION_COMMENTS = YES;
				CLANG_WARN_EMPTY_BODY = YES;
				CLANG_WARN_ENUM_CONVERSION = YES;
				CLANG_WARN_INFINITE_RECURSION = YES;
				CLANG_WARN_INT_CONVERSION = YES;
				CLANG_WARN_OBJC_ROOT_CLASS = YES_ERROR;
				CLANG_WARN_SUSPICIOUS_MOVES = YES;
				CLANG_WARN_UNREACHABLE_CODE = YES;
				CLANG_WARN__DUPLICATE_METHOD_MATCH = YES;
				"CODE_SIGN_IDENTITY[sdk=iphoneos*]" = "iPhone Developer";
				COPY_PHASE_STRIP = NO;
				DEBUG_INFORMATION_FORMAT = "dwarf-with-dsym";
				ENABLE_NS_ASSERTIONS = NO;
				ENABLE_STRICT_OBJC_MSGSEND = YES;
				GCC_C_LANGUAGE_STANDARD = gnu99;
				GCC_NO_COMMON_BLOCKS = YES;
				GCC_WARN_64_TO_32_BIT_CONVERSION = YES;
				GCC_WARN_ABOUT_RETURN_TYPE = YES_ERROR;
				GCC_WARN_UNDECLARED_SELECTOR = YES;
				GCC_WARN_UNINITIALIZED_AUTOS = YES_AGGRESSIVE;
				GCC_WARN_UNUSED_FUNCTION = YES;
				GCC_WARN_UNUSED_VARIABLE = YES;
				IPHONEOS_DEPLOYMENT_TARGET = 10.0;
				MTL_ENABLE_DEBUG_INFO = NO;
				SDKROOT = iphoneos;
				SWIFT_OPTIMIZATION_LEVEL = "-Owholemodule";
				TARGETED_DEVICE_FAMILY = "1,2";
				VALIDATE_PRODUCT = YES;
			};
			name = Release;
		};
		07CDFC0D1D89897A00B6AF44 /* Debug */ = {
			isa = XCBuildConfiguration;
			buildSettings = {
				ASSETCATALOG_COMPILER_APPICON_NAME = AppIcon;
				INFOPLIST_FILE = TacoPOP/Info.plist;
				LD_RUNPATH_SEARCH_PATHS = "$(inherited) @executable_path/Frameworks";
				PRODUCT_BUNDLE_IDENTIFIER = com.sabidu.TacoPOP;
				PRODUCT_NAME = "$(TARGET_NAME)";
				SWIFT_VERSION = 3.0;
			};
			name = Debug;
		};
		07CDFC0E1D89897A00B6AF44 /* Release */ = {
			isa = XCBuildConfiguration;
			buildSettings = {
				ASSETCATALOG_COMPILER_APPICON_NAME = AppIcon;
				INFOPLIST_FILE = TacoPOP/Info.plist;
				LD_RUNPATH_SEARCH_PATHS = "$(inherited) @executable_path/Frameworks";
				PRODUCT_BUNDLE_IDENTIFIER = com.sabidu.TacoPOP;
				PRODUCT_NAME = "$(TARGET_NAME)";
				SWIFT_VERSION = 3.0;
			};
			name = Release;
		};
		07CDFC101D89897A00B6AF44 /* Debug */ = {
			isa = XCBuildConfiguration;
			buildSettings = {
				ALWAYS_EMBED_SWIFT_STANDARD_LIBRARIES = YES;
				BUNDLE_LOADER = "$(TEST_HOST)";
				INFOPLIST_FILE = TacoPOPTests/Info.plist;
				LD_RUNPATH_SEARCH_PATHS = "$(inherited) @executable_path/Frameworks @loader_path/Frameworks";
				PRODUCT_BUNDLE_IDENTIFIER = com.sabidu.TacoPOPTests;
				PRODUCT_NAME = "$(TARGET_NAME)";
				SWIFT_VERSION = 3.0;
				TEST_HOST = "$(BUILT_PRODUCTS_DIR)/TacoPOP.app/TacoPOP";
			};
			name = Debug;
		};
		07CDFC111D89897A00B6AF44 /* Release */ = {
			isa = XCBuildConfiguration;
			buildSettings = {
				ALWAYS_EMBED_SWIFT_STANDARD_LIBRARIES = YES;
				BUNDLE_LOADER = "$(TEST_HOST)";
				INFOPLIST_FILE = TacoPOPTests/Info.plist;
				LD_RUNPATH_SEARCH_PATHS = "$(inherited) @executable_path/Frameworks @loader_path/Frameworks";
				PRODUCT_BUNDLE_IDENTIFIER = com.sabidu.TacoPOPTests;
				PRODUCT_NAME = "$(TARGET_NAME)";
				SWIFT_VERSION = 3.0;
				TEST_HOST = "$(BUILT_PRODUCTS_DIR)/TacoPOP.app/TacoPOP";
			};
			name = Release;
		};
/* End XCBuildConfiguration section */

/* Begin XCConfigurationList section */
		07CDFBEA1D89897A00B6AF44 /* Build configuration list for PBXProject "TacoPOP" */ = {
			isa = XCConfigurationList;
			buildConfigurations = (
				07CDFC0A1D89897A00B6AF44 /* Debug */,
				07CDFC0B1D89897A00B6AF44 /* Release */,
			);
			defaultConfigurationIsVisible = 0;
			defaultConfigurationName = Release;
		};
		07CDFC0C1D89897A00B6AF44 /* Build configuration list for PBXNativeTarget "TacoPOP" */ = {
			isa = XCConfigurationList;
			buildConfigurations = (
				07CDFC0D1D89897A00B6AF44 /* Debug */,
				07CDFC0E1D89897A00B6AF44 /* Release */,
			);
			defaultConfigurationIsVisible = 0;
		};
		07CDFC0F1D89897A00B6AF44 /* Build configuration list for PBXNativeTarget "TacoPOPTests" */ = {
			isa = XCConfigurationList;
			buildConfigurations = (
				07CDFC101D89897A00B6AF44 /* Debug */,
				07CDFC111D89897A00B6AF44 /* Release */,
			);
			defaultConfigurationIsVisible = 0;
		};
/* End XCConfigurationList section */
	};
	rootObject = 07CDFBE71D89897A00B6AF44 /* Project object */;
}
